
Microsoft Visual Studio Solution File, Format Version 12.00
# Visual Studio 2013
VisualStudioVersion = 12.0.40629.0
MinimumVisualStudioVersion = 10.0.40219.1
Project("{FAE04EC0-301F-11D3-BF4B-00C04F79EFBC}") = "itextsharp(VS2010)", "core\itextsharp(VS2010).csproj", "{84C4FDD9-3ED7-453B-B9DA-B3ED52CB071C}"
EndProject
Project("{FAE04EC0-301F-11D3-BF4B-00C04F79EFBC}") = "stamper", "stamper\stamper.csproj", "{5B168582-77D9-464E-8667-832BC18A5A8B}"
EndProject
Global
	GlobalSection(SolutionConfigurationPlatforms) = preSolution
		Debug_woDrawing|Any CPU = Debug_woDrawing|Any CPU
		Debug|Any CPU = Debug|Any CPU
		Release_woDrawing|Any CPU = Release_woDrawing|Any CPU
		Release|Any CPU = Release|Any CPU
	EndGlobalSection
	GlobalSection(ProjectConfigurationPlatforms) = postSolution
		{84C4FDD9-3ED7-453B-B9DA-B3ED52CB071C}.Debug_woDrawing|Any CPU.ActiveCfg = Debug_woDrawing|Any CPU
		{84C4FDD9-3ED7-453B-B9DA-B3ED52CB071C}.Debug_woDrawing|Any CPU.Build.0 = Debug_woDrawing|Any CPU
		{84C4FDD9-3ED7-453B-B9DA-B3ED52CB071C}.Debug|Any CPU.ActiveCfg = Debug|Any CPU
		{84C4FDD9-3ED7-453B-B9DA-B3ED52CB071C}.Debug|Any CPU.Build.0 = Debug|Any CPU
		{84C4FDD9-3ED7-453B-B9DA-B3ED52CB071C}.Release_woDrawing|Any CPU.ActiveCfg = Release_woDrawing|Any CPU
		{84C4FDD9-3ED7-453B-B9DA-B3ED52CB071C}.Release_woDrawing|Any CPU.Build.0 = Release_woDrawing|Any CPU
		{84C4FDD9-3ED7-453B-B9DA-B3ED52CB071C}.Release|Any CPU.ActiveCfg = Release|Any CPU
		{84C4FDD9-3ED7-453B-B9DA-B3ED52CB071C}.Release|Any CPU.Build.0 = Release|Any CPU
		{5B168582-77D9-464E-8667-832BC18A5A8B}.Debug_woDrawing|Any CPU.ActiveCfg = Debug|Any CPU
		{5B168582-77D9-464E-8667-832BC18A5A8B}.Debug_woDrawing|Any CPU.Build.0 = Debug|Any CPU
		{5B168582-77D9-464E-8667-832BC18A5A8B}.Debug|Any CPU.ActiveCfg = Debug|Any CPU
		{5B168582-77D9-464E-8667-832BC18A5A8B}.Debug|Any CPU.Build.0 = Debug|Any CPU
		{5B168582-77D9-464E-8667-832BC18A5A8B}.Release_woDrawing|Any CPU.ActiveCfg = Release|Any CPU
		{5B168582-77D9-464E-8667-832BC18A5A8B}.Release_woDrawing|Any CPU.Build.0 = Release|Any CPU
		{5B168582-77D9-464E-8667-832BC18A5A8B}.Release|Any CPU.ActiveCfg = Release|Any CPU
		{5B168582-77D9-464E-8667-832BC18A5A8B}.Release|Any CPU.Build.0 = Release|Any CPU
	EndGlobalSection
	GlobalSection(SolutionProperties) = preSolution
		HideSolutionNode = FALSE
	EndGlobalSection
EndGlobal
